{
  "name": "zestbet-global",
  "lockfileVersion": 3,
  "requires": true,
  "packages": {
    "": {
      "name": "zestbet-global",
      "version": "1.0.1",
      "dependencies": {
        "expo": "~53.0.0",
        "expo-camera": "~16.0.0",
        "expo-document-picker": "~12.0.0",
        "expo-image-picker": "~15.0.0",
        "expo-router": "~3.5.0",
        "react": "18.3.1",
        "react-native": "0.75.4"
      }
    },
    "node_modules/expo": {
      "version": "53.0.0",
      "resolved": "https://registry.npmjs.org/expo/-/expo-53.0.0.tgz",
      "integrity": "sha512-JirY4F4V2f3Z+d1WApvNchv9s4rA/0o1+5q3TKU3oJMLM3t4/H6BtmwEKN0e7hF3pK1M95V9AQ3MrA1Woh8DHig=="
    },
    "node_modules/expo-camera": {
      "version": "16.0.0",
      "resolved": "https://registry.npmjs.org/expo-camera/-/expo-camera-16.0.0.tgz",
      "integrity": "sha512-j4zPHBwcQ1B3u5z1VLiG0JqR0T6c4BUm3F1W6XI8j0Gq1qO4
