{
  "name": "zestbet-global",
  "lockfileVersion": 3,
  "requires": true,
  "packages": {
    "": {
      "name": "zestbet-global",
      "version": "1.0.1",
      "dependencies": {
        "expo": "~53.0.0",
        "expo-camera": "~16.0.0",
        "expo-document-picker": "~12.0.0",
        "expo-image-picker": "~15.0.0",
        "expo-router": "~3.5.0",
        "react": "18.3.1",
        "react-native": "0.75.4"
      }
    },
    "node_modules/expo": {
      "version": "53.0.0",
      "resolved": "https://registry.npmjs.org/expo/-/expo-53.0.0.tgz",
      "integrity": "sha512-JirY4F4V2f3Z+d1WApvNchv9s4rA/0o1+5q3TKU3oJMLM3t4/H6BtmwEKN0e7hF3pK1M95V9AQ3MrA1Woh8DHig=="
    },
    "node_modules/expo-camera": {
      "version": "16.0.0",
      "resolved": "https://registry.npmjs.org/expo-camera/-/expo-camera-16.0.0.tgz",
      "integrity": "sha512-j4zPHBwcQ1B3u5z1VLiG0JqR0T6c4BUm3F1W6XI8j0Gq1qO4pl4b3S7jd3Tf2TfTMwSvyY3L2LGT3k3qE5s5XJA=="
    },
    "node_modules/expo-document-picker": {
      "version": "12.0.0",
      "resolved": "https://registry.npmjs.org/expo-document-picker/-/expo-document-picker-12.0.0.tgz",
      "integrity": "sha512-PiVqX5NJPjB6zR/M6hnpJ3A2Cu+HzI6vZND8J4z2k5Kx3mM2K2z1bM3yX2fY4RpVTGJL6/Xu+iC/8bhSTGxcB1w=="
    },
    "node_modules/expo-image-picker": {
      "version": "15.0.0",
      "resolved": "https://registry.npmjs.org/expo-image-picker/-/expo-image-picker-15.0.0.tgz",
      "integrity": "sha512-Y8N9c3W4e6Sdy6mLtmXjoaS3t5U+wfMuVko81zjs1znT4EpV1p3tY4RpVTGJL6/Xu+iC/8bhSTGxcB1xzh2ZnYg=="
    },
    "node_modules/expo-router": {
      "version": "3.5.0",
      "resolved": "https://registry.npmjs.org/expo-router/-/expo-router-3.5.0.tgz",
      "integrity": "sha512-7vRyO1T7M7yYxEu7KEG0TQU2A4V2rJ2qFz2iPdwO3V3O1rUN3j3CUFclaXNhqU9gU4aGNYx0jwcJ8jYv2d0aomg=="
    },
    "node_modules/react": {
      "version": "18.3.1",
      "resolved": "https://registry.npmjs.org/react/-/react-18.3.1.tgz",
      "integrity": "sha512-wS+hAgJShR0KhEvPJArfuPVN1+Hz1t0Y6n5jLrGQbkb4urgPE/0Rve+1kMB1v/oWgHgm4WIcV+i7F2pTVj+2iQ=="
    },
    "node_modules/react-native": {
      "version": "0.75.4",
      "resolved": "https://registry.npmjs.org/react-native/-/react-native-0.75.4.tgz",
      "integrity": "sha512-L2fwQjHa8+69T2xO4S+PKV1I2tImK57fC5W5KNRLRw070f7qD2+SkR2SeL3lH2CUcA0y8tn4Aj4iKUpwP9cW/1Q=="
    }
  }
}
